
Microsoft Visual Studio Solution File, Format Version 12.00
# Visual Studio Version 16
VisualStudioVersion = 25.0.1700.5
MinimumVisualStudioVersion = 10.0.40219.1
Project("{FAE04EC0-301F-11D3-BF4B-00C04F79EFBC}") = "Frontend", "RecipeManagerWithAPI\Frontend.csproj", "{BAE956C3-F49C-4378-A521-BE0FB948FBA9}"
EndProject
Project("{FAE04EC0-301F-11D3-BF4B-00C04F79EFBC}") = "Backend", "BackEnd\BackEnd.csproj", "{D390AEE0-D122-4110-B54A-0C4E8428045B}"
EndProject
Global
	GlobalSection(SolutionConfigurationPlatforms) = preSolution
		Debug|Any CPU = Debug|Any CPU
		Release|Any CPU = Release|Any CPU
	EndGlobalSection
	GlobalSection(ProjectConfigurationPlatforms) = postSolution
		{BAE956C3-F49C-4378-A521-BE0FB948FBA9}.Debug|Any CPU.ActiveCfg = Debug|Any CPU
		{BAE956C3-F49C-4378-A521-BE0FB948FBA9}.Debug|Any CPU.Build.0 = Debug|Any CPU
		{BAE956C3-F49C-4378-A521-BE0FB948FBA9}.Release|Any CPU.ActiveCfg = Release|Any CPU
		{BAE956C3-F49C-4378-A521-BE0FB948FBA9}.Release|Any CPU.Build.0 = Release|Any CPU
		{D390AEE0-D122-4110-B54A-0C4E8428045B}.Debug|Any CPU.ActiveCfg = Debug|Any CPU
		{D390AEE0-D122-4110-B54A-0C4E8428045B}.Debug|Any CPU.Build.0 = Debug|Any CPU
		{D390AEE0-D122-4110-B54A-0C4E8428045B}.Release|Any CPU.ActiveCfg = Release|Any CPU
		{D390AEE0-D122-4110-B54A-0C4E8428045B}.Release|Any CPU.Build.0 = Release|Any CPU
	EndGlobalSection
	GlobalSection(SolutionProperties) = preSolution
		HideSolutionNode = FALSE
	EndGlobalSection
	GlobalSection(ExtensibilityGlobals) = postSolution
		SolutionGuid = {48EDEE86-5933-4133-B51F-3F12C17084A2}
	EndGlobalSection
EndGlobal
